// !$*UTF8*$!
{
	archiveVersion = 1;
	classes = {
	};
	objectVersion = 46;
	objects = {

/* Begin PBXBuildFile section */
		335D8D0E1F1CE52B002AC64C /* AppDelegate.swift in Sources */ = {isa = PBXBuildFile; fileRef = 335D8D0D1F1CE52B002AC64C /* AppDelegate.swift */; };
		335D8D101F1CE52B002AC64C /* ViewController.swift in Sources */ = {isa = PBXBuildFile; fileRef = 335D8D0F1F1CE52B002AC64C /* ViewController.swift */; };
		335D8D131F1CE52B002AC64C /* Main.storyboard in Resources */ = {isa = PBXBuildFile; fileRef = 335D8D111F1CE52B002AC64C /* Main.storyboard */; };
		335D8D151F1CE52B002AC64C /* Assets.xcassets in Resources */ = {isa = PBXBuildFile; fileRef = 335D8D141F1CE52B002AC64C /* Assets.xcassets */; };
		335D8D181F1CE52B002AC64C /* LaunchScreen.storyboard in Resources */ = {isa = PBXBuildFile; fileRef = 335D8D161F1CE52B002AC64C /* LaunchScreen.storyboard */; };
		335D8D231F1CE52B002AC64C /* demo_geofencesTests.swift in Sources */ = {isa = PBXBuildFile; fileRef = 335D8D221F1CE52B002AC64C /* demo_geofencesTests.swift */; };
/* End PBXBuildFile section */

/* Begin PBXContainerItemProxy section */
		335D8D1F1F1CE52B002AC64C /* PBXContainerItemProxy */ = {
			isa = PBXContainerItemProxy;
			containerPortal = 335D8D021F1CE52B002AC64C /* Project object */;
			proxyType = 1;
			remoteGlobalIDString = 335D8D091F1CE52B002AC64C;
			remoteInfo = "demo-geofences";
		};
/* End PBXContainerItemProxy section */

/* Begin PBXFileReference section */
		335D8D0A1F1CE52B002AC64C /* demo-geofences.app */ = {isa = PBXFileReference; explicitFileType = wrapper.application; includeInIndex = 0; path = "demo-geofences.app"; sourceTree = BUILT_PRODUCTS_DIR; };
		335D8D0D1F1CE52B002AC64C /* AppDelegate.swift */ = {isa = PBXFileReference; lastKnownFileType = sourcecode.swift; path = AppDelegate.swift; sourceTree = "<group>"; };
		335D8D0F1F1CE52B002AC64C /* ViewController.swift */ = {isa = PBXFileReference; lastKnownFileType = sourcecode.swift; path = ViewController.swift; sourceTree = "<group>"; };
		335D8D121F1CE52B002AC64C /* Base */ = {isa = PBXFileReference; lastKnownFileType = file.storyboard; name = Base; path = Base.lproj/Main.storyboard; sourceTree = "<group>"; };
		335D8D141F1CE52B002AC64C /* Assets.xcassets */ = {isa = PBXFileReference; lastKnownFileType = folder.assetcatalog; path = Assets.xcassets; sourceTree = "<group>"; };
		335D8D171F1CE52B002AC64C /* Base */ = {isa = PBXFileReference; lastKnownFileType = file.storyboard; name = Base; path = Base.lproj/LaunchScreen.storyboard; sourceTree = "<group>"; };
		335D8D191F1CE52B002AC64C /* Info.plist */ = {isa = PBXFileReference; lastKnownFileType = text.plist.xml; path = Info.plist; sourceTree = "<group>"; };
		335D8D1E1F1CE52B002AC64C /* demo-geofencesTests.xctest */ = {isa = PBXFileReference; explicitFileType = wrapper.cfbundle; includeInIndex = 0; path = "demo-geofencesTests.xctest"; sourceTree = BUILT_PRODUCTS_DIR; };
		335D8D221F1CE52B002AC64C /* demo_geofencesTests.swift */ = {isa = PBXFileReference; lastKnownFileType = sourcecode.swift; path = demo_geofencesTests.swift; sourceTree = "<group>"; };
		335D8D241F1CE52B002AC64C /* Info.plist */ = {isa = PBXFileReference; lastKnownFileType = text.plist.xml; path = Info.plist; sourceTree = "<group>"; };
/* End PBXFileReference section */

/* Begin PBXFrameworksBuildPhase section */
		335D8D071F1CE52B002AC64C /* Frameworks */ = {
			isa = PBXFrameworksBuildPhase;
			buildActionMask = 2147483647;
			files = (
			);
			runOnlyForDeploymentPostprocessing = 0;
		};
		335D8D1B1F1CE52B002AC64C /* Frameworks */ = {
			isa = PBXFrameworksBuildPhase;
			buildActionMask = 2147483647;
			files = (
			);
			runOnlyForDeploymentPostprocessing = 0;
		};
/* End PBXFrameworksBuildPhase section */

/* Begin PBXGroup section */
		335D8D011F1CE52B002AC64C = {
			isa = PBXGroup;
			children = (
				335D8D0C1F1CE52B002AC64C /* demo-geofences */,
				335D8D211F1CE52B002AC64C /* demo-geofencesTests */,
				335D8D0B1F1CE52B002AC64C /* Products */,
			);
			sourceTree = "<group>";
		};
		335D8D0B1F1CE52B002AC64C /* Products */ = {
			isa = PBXGroup;
			children = (
				335D8D0A1F1CE52B002AC64C /* demo-geofences.app */,
				335D8D1E1F1CE52B002AC64C /* demo-geofencesTests.xctest */,
			);
			name = Products;
			sourceTree = "<group>";
		};
		335D8D0C1F1CE52B002AC64C /* demo-geofences */ = {
			isa = PBXGroup;
			children = (
				335D8D0D1F1CE52B002AC64C /* AppDelegate.swift */,
				335D8D0F1F1CE52B002AC64C /* ViewController.swift */,
				335D8D111F1CE52B002AC64C /* Main.storyboard */,
				335D8D141F1CE52B002AC64C /* Assets.xcassets */,
				335D8D161F1CE52B002AC64C /* LaunchScreen.storyboard */,
				335D8D191F1CE52B002AC64C /* Info.plist */,
			);
			path = "demo-geofences";
			sourceTree = "<group>";
		};
		335D8D211F1CE52B002AC64C /* demo-geofencesTests */ = {
			isa = PBXGroup;
			children = (
				335D8D221F1CE52B002AC64C /* demo_geofencesTests.swift */,
				335D8D241F1CE52B002AC64C /* Info.plist */,
			);
			path = "demo-geofencesTests";
			sourceTree = "<group>";
		};
/* End PBXGroup section */

/* Begin PBXNativeTarget section */
		335D8D091F1CE52B002AC64C /* demo-geofences */ = {
			isa = PBXNativeTarget;
			buildConfigurationList = 335D8D271F1CE52B002AC64C /* Build configuration list for PBXNativeTarget "demo-geofences" */;
			buildPhases = (
				335D8D061F1CE52B002AC64C /* Sources */,
				335D8D071F1CE52B002AC64C /* Frameworks */,
				335D8D081F1CE52B002AC64C /* Resources */,
			);
			buildRules = (
			);
			dependencies = (
			);
			name = "demo-geofences";
			productName = "demo-geofences";
			productReference = 335D8D0A1F1CE52B002AC64C /* demo-geofences.app */;
			productType = "com.apple.product-type.application";
		};
		335D8D1D1F1CE52B002AC64C /* demo-geofencesTests */ = {
			isa = PBXNativeTarget;
			buildConfigurationList = 335D8D2A1F1CE52B002AC64C /* Build configuration list for PBXNativeTarget "demo-geofencesTests" */;
			buildPhases = (
				335D8D1A1F1CE52B002AC64C /* Sources */,
				335D8D1B1F1CE52B002AC64C /* Frameworks */,
				335D8D1C1F1CE52B002AC64C /* Resources */,
			);
			buildRules = (
			);
			dependencies = (
				335D8D201F1CE52B002AC64C /* PBXTargetDependency */,
			);
			name = "demo-geofencesTests";
			productName = "demo-geofencesTests";
			productReference = 335D8D1E1F1CE52B002AC64C /* demo-geofencesTests.xctest */;
			productType = "com.apple.product-type.bundle.unit-test";
		};
/* End PBXNativeTarget section */

/* Begin PBXProject section */
		335D8D021F1CE52B002AC64C /* Project object */ = {
			isa = PBXProject;
			attributes = {
				LastSwiftUpdateCheck = 0830;
				LastUpgradeCheck = 1140;
				ORGANIZATIONNAME = "Daniel Otero Cortes";
				TargetAttributes = {
					335D8D091F1CE52B002AC64C = {
						CreatedOnToolsVersion = 8.3.3;
						DevelopmentTeam = 85XE2CL8H2;
						ProvisioningStyle = Automatic;
					};
					335D8D1D1F1CE52B002AC64C = {
						CreatedOnToolsVersion = 8.3.3;
						DevelopmentTeam = 85XE2CL8H2;
						ProvisioningStyle = Automatic;
						TestTargetID = 335D8D091F1CE52B002AC64C;
					};
				};
			};
			buildConfigurationList = 335D8D051F1CE52B002AC64C /* Build configuration list for PBXProject "demo-geofences" */;
			compatibilityVersion = "Xcode 3.2";
			developmentRegion = en;
			hasScannedForEncodings = 0;
			knownRegions = (
				en,
				Base,
			);
			mainGroup = 335D8D011F1CE52B002AC64C;
			productRefGroup = 335D8D0B1F1CE52B002AC64C /* Products */;
			projectDirPath = "";
			projectRoot = "";
			targets = (
				335D8D091F1CE52B002AC64C /* demo-geofences */,
				335D8D1D1F1CE52B002AC64C /* demo-geofencesTests */,
			);
		};
/* End PBXProject section */

/* Begin PBXResourcesBuildPhase section */
		335D8D081F1CE52B002AC64C /* Resources */ = {
			isa = PBXResourcesBuildPhase;
			buildActionMask = 2147483647;
			files = (
				335D8D181F1CE52B002AC64C /* LaunchScreen.storyboard in Resources */,
				335D8D151F1CE52B002AC64C /* Assets.xcassets in Resources */,
				335D8D131F1CE52B002AC64C /* Main.storyboard in Resources */,
			);
			runOnlyForDeploymentPostprocessing = 0;
		};
		335D8D1C1F1CE52B002AC64C /* Resources */ = {
			isa = PBXResourcesBuildPhase;
			buildActionMask = 2147483647;
			files = (
			);
			runOnlyForDeploymentPostprocessing = 0;
		};
/* End PBXResourcesBuildPhase section */

/* Begin PBXSourcesBuildPhase section */
		335D8D061F1CE52B002AC64C /* Sources */ = {
			isa = PBXSourcesBuildPhase;
			buildActionMask = 2147483647;
			files = (
				335D8D101F1CE52B002AC64C /* ViewController.swift in Sources */,
				335D8D0E1F1CE52B002AC64C /* AppDelegate.swift in Sources */,
			);
			runOnlyForDeploymentPostprocessing = 0;
		};
		335D8D1A1F1CE52B002AC64C /* Sources */ = {
			isa = PBXSourcesBuildPhase;
			buildActionMask = 2147483647;
			files = (
				335D8D231F1CE52B002AC64C /* demo_geofencesTests.swift in Sources */,
			);
			runOnlyForDeploymentPostprocessing = 0;
		};
/* End PBXSourcesBuildPhase section */

/* Begin PBXTargetDependency section */
		335D8D201F1CE52B002AC64C /* PBXTargetDependency */ = {
			isa = PBXTargetDependency;
			target = 335D8D091F1CE52B002AC64C /* demo-geofences */;
			targetProxy = 335D8D1F1F1CE52B002AC64C /* PBXContainerItemProxy */;
		};
/* End PBXTargetDependency section */

/* Begin PBXVariantGroup section */
		335D8D111F1CE52B002AC64C /* Main.storyboard */ = {
			isa = PBXVariantGroup;
			children = (
				335D8D121F1CE52B002AC64C /* Base */,
			);
			name = Main.storyboard;
			sourceTree = "<group>";
		};
		335D8D161F1CE52B002AC64C /* LaunchScreen.storyboard */ = {
			isa = PBXVariantGroup;
			children = (
				335D8D171F1CE52B002AC64C /* Base */,
			);
			name = LaunchScreen.storyboard;
			sourceTree = "<group>";
		};
/* End PBXVariantGroup section */

/* Begin XCBuildConfiguration section */
		335D8D251F1CE52B002AC64C /* Debug */ = {
			isa = XCBuildConfiguration;
			buildSettings = {
				ALWAYS_SEARCH_USER_PATHS = NO;
				CLANG_ANALYZER_LOCALIZABILITY_NONLOCALIZED = YES;
				CLANG_ANALYZER_NONNULL = YES;
				CLANG_ANALYZER_NUMBER_OBJECT_CONVERSION = YES_AGGRESSIVE;
				CLANG_CXX_LANGUAGE_STANDARD = "gnu++0x";
				CLANG_CXX_LIBRARY = "libc++";
				CLANG_ENABLE_MODULES = YES;
				CLANG_ENABLE_OBJC_ARC = YES;
				CLANG_WARN_BLOCK_CAPTURE_AUTORELEASING = YES;
				CLANG_WARN_BOOL_CONVERSION = YES;
				CLANG_WARN_COMMA = YES;
				CLANG_WARN_CONSTANT_CONVERSION = YES;
				CLANG_WARN_DEPRECATED_OBJC_IMPLEMENTATIONS = YES;
				CLANG_WARN_DIRECT_OBJC_ISA_USAGE = YES_ERROR;
				CLANG_WARN_DOCUMENTATION_COMMENTS = YES;
				CLANG_WARN_EMPTY_BODY = YES;
				CLANG_WARN_ENUM_CONVERSION = YES;
				CLANG_WARN_INFINITE_RECURSION = YES;
				CLANG_WARN_INT_CONVERSION = YES;
				CLANG_WARN_NON_LITERAL_NULL_CONVERSION = YES;
				CLANG_WARN_OBJC_IMPLICIT_RETAIN_SELF = YES;
				CLANG_WARN_OBJC_LITERAL_CONVERSION = YES;
				CLANG_WARN_OBJC_ROOT_CLASS = YES_ERROR;
				CLANG_WARN_RANGE_LOOP_ANALYSIS = YES;
				CLANG_WARN_STRICT_PROTOTYPES = YES;
				CLANG_WARN_SUSPICIOUS_MOVE = YES;
				CLANG_WARN_UNREACHABLE_CODE = YES;
				CLANG_WARN__DUPLICATE_METHOD_MATCH = YES;
				"CODE_SIGN_IDENTITY[sdk=iphoneos*]" = "iPhone Developer";
				COPY_PHASE_STRIP = NO;
				DEBUG_INFORMATION_FORMAT = dwarf;
				ENABLE_STRICT_OBJC_MSGSEND = YES;
				ENABLE_TESTABILITY = YES;
				GCC_C_LANGUAGE_STANDARD = gnu99;
				GCC_DYNAMIC_NO_PIC = NO;
				GCC_NO_COMMON_BLOCKS = YES;
				GCC_OPTIMIZATION_LEVEL = 0;
				GCC_PREPROCESSOR_DEFINITIONS = (
					"DEBUG=1",
					"$(inherited)",
				);
				GCC_WARN_64_TO_32_BIT_CONVERSION = YES;
				GCC_WARN_ABOUT_RETURN_TYPE = YES_ERROR;
				GCC_WARN_UNDECLARED_SELECTOR = YES;
				GCC_WARN_UNINITIALIZED_AUTOS = YES_AGGRESSIVE;
				GCC_WARN_UNUSED_FUNCTION = YES;
				GCC_WARN_UNUSED_VARIABLE = YES;
				IPHONEOS_DEPLOYMENT_TARGET = 11.0;
				MTL_ENABLE_DEBUG_INFO = YES;
				ONLY_ACTIVE_ARCH = YES;
				SDKROOT = iphoneos;
				SWIFT_ACTIVE_COMPILATION_CONDITIONS = DEBUG;
				SWIFT_OPTIMIZATION_LEVEL = "-Onone";
				TARGETED_DEVICE_FAMILY = "1,2";
			};
			name = Debug;
		};
		335D8D261F1CE52B002AC64C /* Release */ = {
			isa = XCBuildConfiguration;
			buildSettings = {
				ALWAYS_SEARCH_USER_PATHS = NO;
				CLANG_ANALYZER_LOCALIZABILITY_NONLOCALIZED = YES;
				CLANG_ANALYZER_NONNULL = YES;
				CLANG_ANALYZER_NUMBER_OBJECT_CONVERSION = YES_AGGRESSIVE;
				CLANG_CXX_LANGUAGE_STANDARD = "gnu++0x";
				CLANG_CXX_LIBRARY = "libc++";
				CLANG_ENABLE_MODULES = YES;
				CLANG_ENABLE_OBJC_ARC = YES;
				CLANG_WARN_BLOCK_CAPTURE_AUTORELEASING = YES;
				CLANG_WARN_BOOL_CONVERSION = YES;
				CLANG_WARN_COMMA = YES;
				CLANG_WARN_CONSTANT_CONVERSION = YES;
				CLANG_WARN_DEPRECATED_OBJC_IMPLEMENTATIONS = YES;
				CLANG_WARN_DIRECT_OBJC_ISA_USAGE = YES_ERROR;
				CLANG_WARN_DOCUMENTATION_COMMENTS = YES;
				CLANG_WARN_EMPTY_BODY = YES;
				CLANG_WARN_ENUM_CONVERSION = YES;
				CLANG_WARN_INFINITE_RECURSION = YES;
				CLANG_WARN_INT_CONVERSION = YES;
				CLANG_WARN_NON_LITERAL_NULL_CONVERSION = YES;
				CLANG_WARN_OBJC_IMPLICIT_RETAIN_SELF = YES;
				CLANG_WARN_OBJC_LITERAL_CONVERSION = YES;
				CLANG_WARN_OBJC_ROOT_CLASS = YES_ERROR;
				CLANG_WARN_RANGE_LOOP_ANALYSIS = YES;
				CLANG_WARN_STRICT_PROTOTYPES = YES;
				CLANG_WARN_SUSPICIOUS_MOVE = YES;
				CLANG_WARN_UNREACHABLE_CODE = YES;
				CLANG_WARN__DUPLICATE_METHOD_MATCH = YES;
				"CODE_SIGN_IDENTITY[sdk=iphoneos*]" = "iPhone Developer";
				COPY_PHASE_STRIP = NO;
				DEBUG_INFORMATION_FORMAT = "dwarf-with-dsym";
				ENABLE_NS_ASSERTIONS = NO;
				ENABLE_STRICT_OBJC_MSGSEND = YES;
				GCC_C_LANGUAGE_STANDARD = gnu99;
				GCC_NO_COMMON_BLOCKS = YES;
				GCC_WARN_64_TO_32_BIT_CONVERSION = YES;
				GCC_WARN_ABOUT_RETURN_TYPE = YES_ERROR;
				GCC_WARN_UNDECLARED_SELECTOR = YES;
				GCC_WARN_UNINITIALIZED_AUTOS = YES_AGGRESSIVE;
				GCC_WARN_UNUSED_FUNCTION = YES;
				GCC_WARN_UNUSED_VARIABLE = YES;
				IPHONEOS_DEPLOYMENT_TARGET = 11.0;
				MTL_ENABLE_DEBUG_INFO = NO;
				SDKROOT = iphoneos;
				SWIFT_OPTIMIZATION_LEVEL = "-Owholemodule";
				TARGETED_DEVICE_FAMILY = "1,2";
				VALIDATE_PRODUCT = YES;
			};
			name = Release;
		};
		335D8D281F1CE52B002AC64C /* Debug */ = {
			isa = XCBuildConfiguration;
			buildSettings = {
				ASSETCATALOG_COMPILER_APPICON_NAME = AppIcon;
				DEVELOPMENT_TEAM = 85XE2CL8H2;
				INFOPLIST_FILE = "demo-geofences/Info.plist";
				LD_RUNPATH_SEARCH_PATHS = "$(inherited) @executable_path/Frameworks";
				PRODUCT_BUNDLE_IDENTIFIER = "com.autentia.demo-geofences";
				PRODUCT_NAME = "$(TARGET_NAME)";
				SWIFT_VERSION = 5.0;
			};
			name = Debug;
		};
		335D8D291F1CE52B002AC64C /* Release */ = {
			isa = XCBuildConfiguration;
			buildSettings = {
				ASSETCATALOG_COMPILER_APPICON_NAME = AppIcon;
				DEVELOPMENT_TEAM = 85XE2CL8H2;
				INFOPLIST_FILE = "demo-geofences/Info.plist";
				LD_RUNPATH_SEARCH_PATHS = "$(inherited) @executable_path/Frameworks";
				PRODUCT_BUNDLE_IDENTIFIER = "com.autentia.demo-geofences";
				PRODUCT_NAME = "$(TARGET_NAME)";
				SWIFT_VERSION = 5.0;
			};
			name = Release;
		};
		335D8D2B1F1CE52B002AC64C /* Debug */ = {
			isa = XCBuildConfiguration;
			buildSettings = {
				ALWAYS_EMBED_SWIFT_STANDARD_LIBRARIES = YES;
				BUNDLE_LOADER = "$(TEST_HOST)";
				DEVELOPMENT_TEAM = 85XE2CL8H2;
				INFOPLIST_FILE = "demo-geofencesTests/Info.plist";
				LD_RUNPATH_SEARCH_PATHS = "$(inherited) @executable_path/Frameworks @loader_path/Frameworks";
				PRODUCT_BUNDLE_IDENTIFIER = "com.autentia.demo-geofencesTests";
				PRODUCT_NAME = "$(TARGET_NAME)";
				SWIFT_VERSION = 3.0;
				TEST_HOST = "$(BUILT_PRODUCTS_DIR)/demo-geofences.app/demo-geofences";
			};
			name = Debug;
		};
		335D8D2C1F1CE52B002AC64C /* Release */ = {
			isa = XCBuildConfiguration;
			buildSettings = {
				ALWAYS_EMBED_SWIFT_STANDARD_LIBRARIES = YES;
				BUNDLE_LOADER = "$(TEST_HOST)";
				DEVELOPMENT_TEAM = 85XE2CL8H2;
				INFOPLIST_FILE = "demo-geofencesTests/Info.plist";
				LD_RUNPATH_SEARCH_PATHS = "$(inherited) @executable_path/Frameworks @loader_path/Frameworks";
				PRODUCT_BUNDLE_IDENTIFIER = "com.autentia.demo-geofencesTests";
				PRODUCT_NAME = "$(TARGET_NAME)";
				SWIFT_VERSION = 3.0;
				TEST_HOST = "$(BUILT_PRODUCTS_DIR)/demo-geofences.app/demo-geofences";
			};
			name = Release;
		};
/* End XCBuildConfiguration section */

/* Begin XCConfigurationList section */
		335D8D051F1CE52B002AC64C /* Build configuration list for PBXProject "demo-geofences" */ = {
			isa = XCConfigurationList;
			buildConfigurations = (
				335D8D251F1CE52B002AC64C /* Debug */,
				335D8D261F1CE52B002AC64C /* Release */,
			);
			defaultConfigurationIsVisible = 0;
			defaultConfigurationName = Release;
		};
		335D8D271F1CE52B002AC64C /* Build configuration list for PBXNativeTarget "demo-geofences" */ = {
			isa = XCConfigurationList;
			buildConfigurations = (
				335D8D281F1CE52B002AC64C /* Debug */,
				335D8D291F1CE52B002AC64C /* Release */,
			);
			defaultConfigurationIsVisible = 0;
			defaultConfigurationName = Release;
		};
		335D8D2A1F1CE52B002AC64C /* Build configuration list for PBXNativeTarget "demo-geofencesTests" */ = {
			isa = XCConfigurationList;
			buildConfigurations = (
				335D8D2B1F1CE52B002AC64C /* Debug */,
				335D8D2C1F1CE52B002AC64C /* Release */,
			);
			defaultConfigurationIsVisible = 0;
			defaultConfigurationName = Release;
		};
/* End XCConfigurationList section */
	};
	rootObject = 335D8D021F1CE52B002AC64C /* Project object */;
}
